
Microsoft Visual Studio Solution File, Format Version 12.00
# Visual Studio 14
VisualStudioVersion = 14.0.23107.0
MinimumVisualStudioVersion = 10.0.40219.1
Project("{FAE04EC0-301F-11D3-BF4B-00C04F79EFBC}") = "Geolocalizacion.Droid", "Geolocalizacion\Geolocalizacion.Droid\Geolocalizacion.Droid.csproj", "{D2819865-F547-4458-B28F-0A5A77AED1D4}"
EndProject
Project("{FAE04EC0-301F-11D3-BF4B-00C04F79EFBC}") = "Geolocalizacion.iOS", "Geolocalizacion\Geolocalizacion.iOS\Geolocalizacion.iOS.csproj", "{F2084DF3-C5DE-4BCA-97CB-3ECB9CEA0364}"
EndProject
Project("{FAE04EC0-301F-11D3-BF4B-00C04F79EFBC}") = "Geolocalizacion.WinPhone", "Geolocalizacion\Geolocalizacion.WinPhone\Geolocalizacion.WinPhone.csproj", "{E302A154-7A20-4527-A026-02828F97EC9B}"
EndProject
Project("{FAE04EC0-301F-11D3-BF4B-00C04F79EFBC}") = "Geolocalizacion", "Geolocalizacion\Geolocalizacion\Geolocalizacion.csproj", "{570D5FC2-3EB4-420D-959E-F1041D5C082A}"
EndProject
Global
	GlobalSection(SolutionConfigurationPlatforms) = preSolution
		Ad-Hoc|Any CPU = Ad-Hoc|Any CPU
		Ad-Hoc|ARM = Ad-Hoc|ARM
		Ad-Hoc|iPhone = Ad-Hoc|iPhone
		Ad-Hoc|iPhoneSimulator = Ad-Hoc|iPhoneSimulator
		Ad-Hoc|x86 = Ad-Hoc|x86
		AppStore|Any CPU = AppStore|Any CPU
		AppStore|ARM = AppStore|ARM
		AppStore|iPhone = AppStore|iPhone
		AppStore|iPhoneSimulator = AppStore|iPhoneSimulator
		AppStore|x86 = AppStore|x86
		Debug|Any CPU = Debug|Any CPU
		Debug|ARM = Debug|ARM
		Debug|iPhone = Debug|iPhone
		Debug|iPhoneSimulator = Debug|iPhoneSimulator
		Debug|x86 = Debug|x86
		Release|Any CPU = Release|Any CPU
		Release|ARM = Release|ARM
		Release|iPhone = Release|iPhone
		Release|iPhoneSimulator = Release|iPhoneSimulator
		Release|x86 = Release|x86
	EndGlobalSection
	GlobalSection(ProjectConfigurationPlatforms) = postSolution
		{D2819865-F547-4458-B28F-0A5A77AED1D4}.Ad-Hoc|Any CPU.ActiveCfg = Release|Any CPU
		{D2819865-F547-4458-B28F-0A5A77AED1D4}.Ad-Hoc|Any CPU.Build.0 = Release|Any CPU
		{D2819865-F547-4458-B28F-0A5A77AED1D4}.Ad-Hoc|Any CPU.Deploy.0 = Release|Any CPU
		{D2819865-F547-4458-B28F-0A5A77AED1D4}.Ad-Hoc|ARM.ActiveCfg = Release|Any CPU
		{D2819865-F547-4458-B28F-0A5A77AED1D4}.Ad-Hoc|ARM.Build.0 = Release|Any CPU
		{D2819865-F547-4458-B28F-0A5A77AED1D4}.Ad-Hoc|ARM.Deploy.0 = Release|Any CPU
		{D2819865-F547-4458-B28F-0A5A77AED1D4}.Ad-Hoc|iPhone.ActiveCfg = Release|Any CPU
		{D2819865-F547-4458-B28F-0A5A77AED1D4}.Ad-Hoc|iPhone.Build.0 = Release|Any CPU
		{D2819865-F547-4458-B28F-0A5A77AED1D4}.Ad-Hoc|iPhone.Deploy.0 = Release|Any CPU
		{D2819865-F547-4458-B28F-0A5A77AED1D4}.Ad-Hoc|iPhoneSimulator.ActiveCfg = Release|Any CPU
		{D2819865-F547-4458-B28F-0A5A77AED1D4}.Ad-Hoc|iPhoneSimulator.Build.0 = Release|Any CPU
		{D2819865-F547-4458-B28F-0A5A77AED1D4}.Ad-Hoc|iPhoneSimulator.Deploy.0 = Release|Any CPU
		{D2819865-F547-4458-B28F-0A5A77AED1D4}.Ad-Hoc|x86.ActiveCfg = Release|Any CPU
		{D2819865-F547-4458-B28F-0A5A77AED1D4}.Ad-Hoc|x86.Build.0 = Release|Any CPU
		{D2819865-F547-4458-B28F-0A5A77AED1D4}.Ad-Hoc|x86.Deploy.0 = Release|Any CPU
		{D2819865-F547-4458-B28F-0A5A77AED1D4}.AppStore|Any CPU.ActiveCfg = Release|Any CPU
		{D2819865-F547-4458-B28F-0A5A77AED1D4}.AppStore|Any CPU.Build.0 = Release|Any CPU
		{D2819865-F547-4458-B28F-0A5A77AED1D4}.AppStore|Any CPU.Deploy.0 = Release|Any CPU
		{D2819865-F547-4458-B28F-0A5A77AED1D4}.AppStore|ARM.ActiveCfg = Release|Any CPU
		{D2819865-F547-4458-B28F-0A5A77AED1D4}.AppStore|ARM.Build.0 = Release|Any CPU
		{D2819865-F547-4458-B28F-0A5A77AED1D4}.AppStore|ARM.Deploy.0 = Release|Any CPU
		{D2819865-F547-4458-B28F-0A5A77AED1D4}.AppStore|iPhone.ActiveCfg = Release|Any CPU
		{D2819865-F547-4458-B28F-0A5A77AED1D4}.AppStore|iPhone.Build.0 = Release|Any CPU
		{D2819865-F547-4458-B28F-0A5A77AED1D4}.AppStore|iPhone.Deploy.0 = Release|Any CPU
		{D2819865-F547-4458-B28F-0A5A77AED1D4}.AppStore|iPhoneSimulator.ActiveCfg = Release|Any CPU
		{D2819865-F547-4458-B28F-0A5A77AED1D4}.AppStore|iPhoneSimulator.Build.0 = Release|Any CPU
		{D2819865-F547-4458-B28F-0A5A77AED1D4}.AppStore|iPhoneSimulator.Deploy.0 = Release|Any CPU
		{D2819865-F547-4458-B28F-0A5A77AED1D4}.AppStore|x86.ActiveCfg = Release|Any CPU
		{D2819865-F547-4458-B28F-0A5A77AED1D4}.AppStore|x86.Build.0 = Release|Any CPU
		{D2819865-F547-4458-B28F-0A5A77AED1D4}.AppStore|x86.Deploy.0 = Release|Any CPU
		{D2819865-F547-4458-B28F-0A5A77AED1D4}.Debug|Any CPU.ActiveCfg = Debug|Any CPU
		{D2819865-F547-4458-B28F-0A5A77AED1D4}.Debug|Any CPU.Build.0 = Debug|Any CPU
		{D2819865-F547-4458-B28F-0A5A77AED1D4}.Debug|Any CPU.Deploy.0 = Debug|Any CPU
		{D2819865-F547-4458-B28F-0A5A77AED1D4}.Debug|ARM.ActiveCfg = Debug|Any CPU
		{D2819865-F547-4458-B28F-0A5A77AED1D4}.Debug|ARM.Build.0 = Debug|Any CPU
		{D2819865-F547-4458-B28F-0A5A77AED1D4}.Debug|ARM.Deploy.0 = Debug|Any CPU
		{D2819865-F547-4458-B28F-0A5A77AED1D4}.Debug|iPhone.ActiveCfg = Debug|Any CPU
		{D2819865-F547-4458-B28F-0A5A77AED1D4}.Debug|iPhone.Build.0 = Debug|Any CPU
		{D2819865-F547-4458-B28F-0A5A77AED1D4}.Debug|iPhone.Deploy.0 = Debug|Any CPU
		{D2819865-F547-4458-B28F-0A5A77AED1D4}.Debug|iPhoneSimulator.ActiveCfg = Debug|Any CPU
		{D2819865-F547-4458-B28F-0A5A77AED1D4}.Debug|iPhoneSimulator.Build.0 = Debug|Any CPU
		{D2819865-F547-4458-B28F-0A5A77AED1D4}.Debug|iPhoneSimulator.Deploy.0 = Debug|Any CPU
		{D2819865-F547-4458-B28F-0A5A77AED1D4}.Debug|x86.ActiveCfg = Debug|Any CPU
		{D2819865-F547-4458-B28F-0A5A77AED1D4}.Debug|x86.Build.0 = Debug|Any CPU
		{D2819865-F547-4458-B28F-0A5A77AED1D4}.Debug|x86.Deploy.0 = Debug|Any CPU
		{D2819865-F547-4458-B28F-0A5A77AED1D4}.Release|Any CPU.ActiveCfg = Release|Any CPU
		{D2819865-F547-4458-B28F-0A5A77AED1D4}.Release|Any CPU.Build.0 = Release|Any CPU
		{D2819865-F547-4458-B28F-0A5A77AED1D4}.Release|Any CPU.Deploy.0 = Release|Any CPU
		{D2819865-F547-4458-B28F-0A5A77AED1D4}.Release|ARM.ActiveCfg = Release|Any CPU
		{D2819865-F547-4458-B28F-0A5A77AED1D4}.Release|ARM.Build.0 = Release|Any CPU
		{D2819865-F547-4458-B28F-0A5A77AED1D4}.Release|ARM.Deploy.0 = Release|Any CPU
		{D2819865-F547-4458-B28F-0A5A77AED1D4}.Release|iPhone.ActiveCfg = Release|Any CPU
		{D2819865-F547-4458-B28F-0A5A77AED1D4}.Release|iPhone.Build.0 = Release|Any CPU
		{D2819865-F547-4458-B28F-0A5A77AED1D4}.Release|iPhone.Deploy.0 = Release|Any CPU
		{D2819865-F547-4458-B28F-0A5A77AED1D4}.Release|iPhoneSimulator.ActiveCfg = Release|Any CPU
		{D2819865-F547-4458-B28F-0A5A77AED1D4}.Release|iPhoneSimulator.Build.0 = Release|Any CPU
		{D2819865-F547-4458-B28F-0A5A77AED1D4}.Release|iPhoneSimulator.Deploy.0 = Release|Any CPU
		{D2819865-F547-4458-B28F-0A5A77AED1D4}.Release|x86.ActiveCfg = Release|Any CPU
		{D2819865-F547-4458-B28F-0A5A77AED1D4}.Release|x86.Build.0 = Release|Any CPU
		{D2819865-F547-4458-B28F-0A5A77AED1D4}.Release|x86.Deploy.0 = Release|Any CPU
		{F2084DF3-C5DE-4BCA-97CB-3ECB9CEA0364}.Ad-Hoc|Any CPU.ActiveCfg = Ad-Hoc|iPhone
		{F2084DF3-C5DE-4BCA-97CB-3ECB9CEA0364}.Ad-Hoc|ARM.ActiveCfg = Ad-Hoc|iPhone
		{F2084DF3-C5DE-4BCA-97CB-3ECB9CEA0364}.Ad-Hoc|iPhone.ActiveCfg = Ad-Hoc|iPhone
		{F2084DF3-C5DE-4BCA-97CB-3ECB9CEA0364}.Ad-Hoc|iPhone.Build.0 = Ad-Hoc|iPhone
		{F2084DF3-C5DE-4BCA-97CB-3ECB9CEA0364}.Ad-Hoc|iPhoneSimulator.ActiveCfg = Ad-Hoc|iPhoneSimulator
		{F2084DF3-C5DE-4BCA-97CB-3ECB9CEA0364}.Ad-Hoc|iPhoneSimulator.Build.0 = Ad-Hoc|iPhoneSimulator
		{F2084DF3-C5DE-4BCA-97CB-3ECB9CEA0364}.Ad-Hoc|x86.ActiveCfg = Ad-Hoc|iPhone
		{F2084DF3-C5DE-4BCA-97CB-3ECB9CEA0364}.AppStore|Any CPU.ActiveCfg = AppStore|iPhone
		{F2084DF3-C5DE-4BCA-97CB-3ECB9CEA0364}.AppStore|ARM.ActiveCfg = AppStore|iPhone
		{F2084DF3-C5DE-4BCA-97CB-3ECB9CEA0364}.AppStore|iPhone.ActiveCfg = AppStore|iPhone
		{F2084DF3-C5DE-4BCA-97CB-3ECB9CEA0364}.AppStore|iPhone.Build.0 = AppStore|iPhone
		{F2084DF3-C5DE-4BCA-97CB-3ECB9CEA0364}.AppStore|iPhoneSimulator.ActiveCfg = AppStore|iPhoneSimulator
		{F2084DF3-C5DE-4BCA-97CB-3ECB9CEA0364}.AppStore|iPhoneSimulator.Build.0 = AppStore|iPhoneSimulator
		{F2084DF3-C5DE-4BCA-97CB-3ECB9CEA0364}.AppStore|x86.ActiveCfg = AppStore|iPhone
		{F2084DF3-C5DE-4BCA-97CB-3ECB9CEA0364}.Debug|Any CPU.ActiveCfg = Debug|iPhone
		{F2084DF3-C5DE-4BCA-97CB-3ECB9CEA0364}.Debug|ARM.ActiveCfg = Debug|iPhone
		{F2084DF3-C5DE-4BCA-97CB-3ECB9CEA0364}.Debug|iPhone.ActiveCfg = Debug|iPhone
		{F2084DF3-C5DE-4BCA-97CB-3ECB9CEA0364}.Debug|iPhone.Build.0 = Debug|iPhone
		{F2084DF3-C5DE-4BCA-97CB-3ECB9CEA0364}.Debug|iPhoneSimulator.ActiveCfg = Debug|iPhoneSimulator
		{F2084DF3-C5DE-4BCA-97CB-3ECB9CEA0364}.Debug|iPhoneSimulator.Build.0 = Debug|iPhoneSimulator
		{F2084DF3-C5DE-4BCA-97CB-3ECB9CEA0364}.Debug|x86.ActiveCfg = Debug|iPhone
		{F2084DF3-C5DE-4BCA-97CB-3ECB9CEA0364}.Release|Any CPU.ActiveCfg = Release|iPhone
		{F2084DF3-C5DE-4BCA-97CB-3ECB9CEA0364}.Release|ARM.ActiveCfg = Release|iPhone
		{F2084DF3-C5DE-4BCA-97CB-3ECB9CEA0364}.Release|iPhone.ActiveCfg = Release|iPhone
		{F2084DF3-C5DE-4BCA-97CB-3ECB9CEA0364}.Release|iPhone.Build.0 = Release|iPhone
		{F2084DF3-C5DE-4BCA-97CB-3ECB9CEA0364}.Release|iPhoneSimulator.ActiveCfg = Release|iPhoneSimulator
		{F2084DF3-C5DE-4BCA-97CB-3ECB9CEA0364}.Release|iPhoneSimulator.Build.0 = Release|iPhoneSimulator
		{F2084DF3-C5DE-4BCA-97CB-3ECB9CEA0364}.Release|x86.ActiveCfg = Release|iPhone
		{E302A154-7A20-4527-A026-02828F97EC9B}.Ad-Hoc|Any CPU.ActiveCfg = Release|Any CPU
		{E302A154-7A20-4527-A026-02828F97EC9B}.Ad-Hoc|Any CPU.Build.0 = Release|Any CPU
		{E302A154-7A20-4527-A026-02828F97EC9B}.Ad-Hoc|Any CPU.Deploy.0 = Release|Any CPU
		{E302A154-7A20-4527-A026-02828F97EC9B}.Ad-Hoc|ARM.ActiveCfg = Release|ARM
		{E302A154-7A20-4527-A026-02828F97EC9B}.Ad-Hoc|ARM.Build.0 = Release|ARM
		{E302A154-7A20-4527-A026-02828F97EC9B}.Ad-Hoc|ARM.Deploy.0 = Release|ARM
		{E302A154-7A20-4527-A026-02828F97EC9B}.Ad-Hoc|iPhone.ActiveCfg = Release|Any CPU
		{E302A154-7A20-4527-A026-02828F97EC9B}.Ad-Hoc|iPhone.Build.0 = Release|Any CPU
		{E302A154-7A20-4527-A026-02828F97EC9B}.Ad-Hoc|iPhone.Deploy.0 = Release|Any CPU
		{E302A154-7A20-4527-A026-02828F97EC9B}.Ad-Hoc|iPhoneSimulator.ActiveCfg = Release|Any CPU
		{E302A154-7A20-4527-A026-02828F97EC9B}.Ad-Hoc|iPhoneSimulator.Build.0 = Release|Any CPU
		{E302A154-7A20-4527-A026-02828F97EC9B}.Ad-Hoc|iPhoneSimulator.Deploy.0 = Release|Any CPU
		{E302A154-7A20-4527-A026-02828F97EC9B}.Ad-Hoc|x86.ActiveCfg = Release|x86
		{E302A154-7A20-4527-A026-02828F97EC9B}.Ad-Hoc|x86.Build.0 = Release|x86
		{E302A154-7A20-4527-A026-02828F97EC9B}.Ad-Hoc|x86.Deploy.0 = Release|x86
		{E302A154-7A20-4527-A026-02828F97EC9B}.AppStore|Any CPU.ActiveCfg = Release|Any CPU
		{E302A154-7A20-4527-A026-02828F97EC9B}.AppStore|Any CPU.Build.0 = Release|Any CPU
		{E302A154-7A20-4527-A026-02828F97EC9B}.AppStore|Any CPU.Deploy.0 = Release|Any CPU
		{E302A154-7A20-4527-A026-02828F97EC9B}.AppStore|ARM.ActiveCfg = Release|ARM
		{E302A154-7A20-4527-A026-02828F97EC9B}.AppStore|ARM.Build.0 = Release|ARM
		{E302A154-7A20-4527-A026-02828F97EC9B}.AppStore|ARM.Deploy.0 = Release|ARM
		{E302A154-7A20-4527-A026-02828F97EC9B}.AppStore|iPhone.ActiveCfg = Release|Any CPU
		{E302A154-7A20-4527-A026-02828F97EC9B}.AppStore|iPhone.Build.0 = Release|Any CPU
		{E302A154-7A20-4527-A026-02828F97EC9B}.AppStore|iPhone.Deploy.0 = Release|Any CPU
		{E302A154-7A20-4527-A026-02828F97EC9B}.AppStore|iPhoneSimulator.ActiveCfg = Release|Any CPU
		{E302A154-7A20-4527-A026-02828F97EC9B}.AppStore|iPhoneSimulator.Build.0 = Release|Any CPU
		{E302A154-7A20-4527-A026-02828F97EC9B}.AppStore|iPhoneSimulator.Deploy.0 = Release|Any CPU
		{E302A154-7A20-4527-A026-02828F97EC9B}.AppStore|x86.ActiveCfg = Release|x86
		{E302A154-7A20-4527-A026-02828F97EC9B}.AppStore|x86.Build.0 = Release|x86
		{E302A154-7A20-4527-A026-02828F97EC9B}.AppStore|x86.Deploy.0 = Release|x86
		{E302A154-7A20-4527-A026-02828F97EC9B}.Debug|Any CPU.ActiveCfg = Debug|Any CPU
		{E302A154-7A20-4527-A026-02828F97EC9B}.Debug|Any CPU.Build.0 = Debug|Any CPU
		{E302A154-7A20-4527-A026-02828F97EC9B}.Debug|Any CPU.Deploy.0 = Debug|Any CPU
		{E302A154-7A20-4527-A026-02828F97EC9B}.Debug|ARM.ActiveCfg = Debug|ARM
		{E302A154-7A20-4527-A026-02828F97EC9B}.Debug|ARM.Build.0 = Debug|ARM
		{E302A154-7A20-4527-A026-02828F97EC9B}.Debug|ARM.Deploy.0 = Debug|ARM
		{E302A154-7A20-4527-A026-02828F97EC9B}.Debug|iPhone.ActiveCfg = Debug|Any CPU
		{E302A154-7A20-4527-A026-02828F97EC9B}.Debug|iPhone.Build.0 = Debug|Any CPU
		{E302A154-7A20-4527-A026-02828F97EC9B}.Debug|iPhone.Deploy.0 = Debug|Any CPU
		{E302A154-7A20-4527-A026-02828F97EC9B}.Debug|iPhoneSimulator.ActiveCfg = Debug|Any CPU
		{E302A154-7A20-4527-A026-02828F97EC9B}.Debug|iPhoneSimulator.Build.0 = Debug|Any CPU
		{E302A154-7A20-4527-A026-02828F97EC9B}.Debug|iPhoneSimulator.Deploy.0 = Debug|Any CPU
		{E302A154-7A20-4527-A026-02828F97EC9B}.Debug|x86.ActiveCfg = Debug|x86
		{E302A154-7A20-4527-A026-02828F97EC9B}.Debug|x86.Build.0 = Debug|x86
		{E302A154-7A20-4527-A026-02828F97EC9B}.Debug|x86.Deploy.0 = Debug|x86
		{E302A154-7A20-4527-A026-02828F97EC9B}.Release|Any CPU.ActiveCfg = Release|Any CPU
		{E302A154-7A20-4527-A026-02828F97EC9B}.Release|Any CPU.Build.0 = Release|Any CPU
		{E302A154-7A20-4527-A026-02828F97EC9B}.Release|Any CPU.Deploy.0 = Release|Any CPU
		{E302A154-7A20-4527-A026-02828F97EC9B}.Release|ARM.ActiveCfg = Release|ARM
		{E302A154-7A20-4527-A026-02828F97EC9B}.Release|ARM.Build.0 = Release|ARM
		{E302A154-7A20-4527-A026-02828F97EC9B}.Release|ARM.Deploy.0 = Release|ARM
		{E302A154-7A20-4527-A026-02828F97EC9B}.Release|iPhone.ActiveCfg = Release|Any CPU
		{E302A154-7A20-4527-A026-02828F97EC9B}.Release|iPhone.Build.0 = Release|Any CPU
		{E302A154-7A20-4527-A026-02828F97EC9B}.Release|iPhone.Deploy.0 = Release|Any CPU
		{E302A154-7A20-4527-A026-02828F97EC9B}.Release|iPhoneSimulator.ActiveCfg = Release|Any CPU
		{E302A154-7A20-4527-A026-02828F97EC9B}.Release|iPhoneSimulator.Build.0 = Release|Any CPU
		{E302A154-7A20-4527-A026-02828F97EC9B}.Release|iPhoneSimulator.Deploy.0 = Release|Any CPU
		{E302A154-7A20-4527-A026-02828F97EC9B}.Release|x86.ActiveCfg = Release|x86
		{E302A154-7A20-4527-A026-02828F97EC9B}.Release|x86.Build.0 = Release|x86
		{E302A154-7A20-4527-A026-02828F97EC9B}.Release|x86.Deploy.0 = Release|x86
		{570D5FC2-3EB4-420D-959E-F1041D5C082A}.Ad-Hoc|Any CPU.ActiveCfg = Release|Any CPU
		{570D5FC2-3EB4-420D-959E-F1041D5C082A}.Ad-Hoc|Any CPU.Build.0 = Release|Any CPU
		{570D5FC2-3EB4-420D-959E-F1041D5C082A}.Ad-Hoc|ARM.ActiveCfg = Release|Any CPU
		{570D5FC2-3EB4-420D-959E-F1041D5C082A}.Ad-Hoc|ARM.Build.0 = Release|Any CPU
		{570D5FC2-3EB4-420D-959E-F1041D5C082A}.Ad-Hoc|iPhone.ActiveCfg = Release|Any CPU
		{570D5FC2-3EB4-420D-959E-F1041D5C082A}.Ad-Hoc|iPhone.Build.0 = Release|Any CPU
		{570D5FC2-3EB4-420D-959E-F1041D5C082A}.Ad-Hoc|iPhoneSimulator.ActiveCfg = Release|Any CPU
		{570D5FC2-3EB4-420D-959E-F1041D5C082A}.Ad-Hoc|iPhoneSimulator.Build.0 = Release|Any CPU
		{570D5FC2-3EB4-420D-959E-F1041D5C082A}.Ad-Hoc|x86.ActiveCfg = Release|Any CPU
		{570D5FC2-3EB4-420D-959E-F1041D5C082A}.Ad-Hoc|x86.Build.0 = Release|Any CPU
		{570D5FC2-3EB4-420D-959E-F1041D5C082A}.AppStore|Any CPU.ActiveCfg = Release|Any CPU
		{570D5FC2-3EB4-420D-959E-F1041D5C082A}.AppStore|Any CPU.Build.0 = Release|Any CPU
		{570D5FC2-3EB4-420D-959E-F1041D5C082A}.AppStore|ARM.ActiveCfg = Release|Any CPU
		{570D5FC2-3EB4-420D-959E-F1041D5C082A}.AppStore|ARM.Build.0 = Release|Any CPU
		{570D5FC2-3EB4-420D-959E-F1041D5C082A}.AppStore|iPhone.ActiveCfg = Release|Any CPU
		{570D5FC2-3EB4-420D-959E-F1041D5C082A}.AppStore|iPhone.Build.0 = Release|Any CPU
		{570D5FC2-3EB4-420D-959E-F1041D5C082A}.AppStore|iPhoneSimulator.ActiveCfg = Release|Any CPU
		{570D5FC2-3EB4-420D-959E-F1041D5C082A}.AppStore|iPhoneSimulator.Build.0 = Release|Any CPU
		{570D5FC2-3EB4-420D-959E-F1041D5C082A}.AppStore|x86.ActiveCfg = Release|Any CPU
		{570D5FC2-3EB4-420D-959E-F1041D5C082A}.AppStore|x86.Build.0 = Release|Any CPU
		{570D5FC2-3EB4-420D-959E-F1041D5C082A}.Debug|Any CPU.ActiveCfg = Debug|Any CPU
		{570D5FC2-3EB4-420D-959E-F1041D5C082A}.Debug|Any CPU.Build.0 = Debug|Any CPU
		{570D5FC2-3EB4-420D-959E-F1041D5C082A}.Debug|ARM.ActiveCfg = Debug|Any CPU
		{570D5FC2-3EB4-420D-959E-F1041D5C082A}.Debug|ARM.Build.0 = Debug|Any CPU
		{570D5FC2-3EB4-420D-959E-F1041D5C082A}.Debug|iPhone.ActiveCfg = Debug|Any CPU
		{570D5FC2-3EB4-420D-959E-F1041D5C082A}.Debug|iPhone.Build.0 = Debug|Any CPU
		{570D5FC2-3EB4-420D-959E-F1041D5C082A}.Debug|iPhoneSimulator.ActiveCfg = Debug|Any CPU
		{570D5FC2-3EB4-420D-959E-F1041D5C082A}.Debug|iPhoneSimulator.Build.0 = Debug|Any CPU
		{570D5FC2-3EB4-420D-959E-F1041D5C082A}.Debug|x86.ActiveCfg = Debug|Any CPU
		{570D5FC2-3EB4-420D-959E-F1041D5C082A}.Debug|x86.Build.0 = Debug|Any CPU
		{570D5FC2-3EB4-420D-959E-F1041D5C082A}.Release|Any CPU.ActiveCfg = Release|Any CPU
		{570D5FC2-3EB4-420D-959E-F1041D5C082A}.Release|Any CPU.Build.0 = Release|Any CPU
		{570D5FC2-3EB4-420D-959E-F1041D5C082A}.Release|ARM.ActiveCfg = Release|Any CPU
		{570D5FC2-3EB4-420D-959E-F1041D5C082A}.Release|ARM.Build.0 = Release|Any CPU
		{570D5FC2-3EB4-420D-959E-F1041D5C082A}.Release|iPhone.ActiveCfg = Release|Any CPU
		{570D5FC2-3EB4-420D-959E-F1041D5C082A}.Release|iPhone.Build.0 = Release|Any CPU
		{570D5FC2-3EB4-420D-959E-F1041D5C082A}.Release|iPhoneSimulator.ActiveCfg = Release|Any CPU
		{570D5FC2-3EB4-420D-959E-F1041D5C082A}.Release|iPhoneSimulator.Build.0 = Release|Any CPU
		{570D5FC2-3EB4-420D-959E-F1041D5C082A}.Release|x86.ActiveCfg = Release|Any CPU
		{570D5FC2-3EB4-420D-959E-F1041D5C082A}.Release|x86.Build.0 = Release|Any CPU
	EndGlobalSection
	GlobalSection(SolutionProperties) = preSolution
		HideSolutionNode = FALSE
	EndGlobalSection
EndGlobal
